
Microsoft Visual Studio Solution File, Format Version 11.00
# Visual Studio 2010
Project("{8BC9CEB8-8B4A-11D0-8D11-00A0C91BC942}") = "USURF", "USURF\USURF.vcxproj", "{378F861D-38B9-4444-8272-755FC1002AB6}"
	ProjectSection(ProjectDependencies) = postProject
		{43AE0071-5C64-4A52-B446-D689C8FD2085} = {43AE0071-5C64-4A52-B446-D689C8FD2085}
	EndProjectSection
EndProject
Project("{8BC9CEB8-8B4A-11D0-8D11-00A0C91BC942}") = "Blepo", "..\..\..\..\..\..\Blepo\blepo\src\Blepo.vcxproj", "{43AE0071-5C64-4A52-B446-D689C8FD2085}"
EndProject
Global
	GlobalSection(SolutionConfigurationPlatforms) = preSolution
		Debug|Win32 = Debug|Win32
		Release|Win32 = Release|Win32
	EndGlobalSection
	GlobalSection(ProjectConfigurationPlatforms) = postSolution
		{378F861D-38B9-4444-8272-755FC1002AB6}.Debug|Win32.ActiveCfg = Debug|Win32
		{378F861D-38B9-4444-8272-755FC1002AB6}.Debug|Win32.Build.0 = Debug|Win32
		{378F861D-38B9-4444-8272-755FC1002AB6}.Release|Win32.ActiveCfg = Release|Win32
		{378F861D-38B9-4444-8272-755FC1002AB6}.Release|Win32.Build.0 = Release|Win32
		{43AE0071-5C64-4A52-B446-D689C8FD2085}.Debug|Win32.ActiveCfg = Debug|Win32
		{43AE0071-5C64-4A52-B446-D689C8FD2085}.Debug|Win32.Build.0 = Debug|Win32
		{43AE0071-5C64-4A52-B446-D689C8FD2085}.Release|Win32.ActiveCfg = Release|Win32
		{43AE0071-5C64-4A52-B446-D689C8FD2085}.Release|Win32.Build.0 = Release|Win32
	EndGlobalSection
	GlobalSection(SolutionProperties) = preSolution
		HideSolutionNode = FALSE
	EndGlobalSection
EndGlobal
